
Microsoft Visual Studio Solution File, Format Version 12.00
# Visual Studio Version 17
VisualStudioVersion = 17.14.36623.8 d17.14
MinimumVisualStudioVersion = 10.0.40219.1
Project("{FAE04EC0-301F-11D3-BF4B-00C04F79EFBC}") = "QuanLyLich_HQTCSDL", "QuanLyLich_HQTCSDL\QuanLyLich_HQTCSDL.csproj", "{3D9CF897-AD79-4BDE-9F4F-A82632EFD5CF}"
EndProject
Global
	GlobalSection(SolutionConfigurationPlatforms) = preSolution
		Debug|Any CPU = Debug|Any CPU
		Release|Any CPU = Release|Any CPU
	EndGlobalSection
	GlobalSection(ProjectConfigurationPlatforms) = postSolution
		{3D9CF897-AD79-4BDE-9F4F-A82632EFD5CF}.Debug|Any CPU.ActiveCfg = Debug|Any CPU
		{3D9CF897-AD79-4BDE-9F4F-A82632EFD5CF}.Debug|Any CPU.Build.0 = Debug|Any CPU
		{3D9CF897-AD79-4BDE-9F4F-A82632EFD5CF}.Release|Any CPU.ActiveCfg = Release|Any CPU
		{3D9CF897-AD79-4BDE-9F4F-A82632EFD5CF}.Release|Any CPU.Build.0 = Release|Any CPU
	EndGlobalSection
	GlobalSection(SolutionProperties) = preSolution
		HideSolutionNode = FALSE
	EndGlobalSection
	GlobalSection(ExtensibilityGlobals) = postSolution
		SolutionGuid = {89DD077F-C0DD-4613-8A88-39D57AAE2618}
	EndGlobalSection
EndGlobal
